
Microsoft Visual Studio Solution File, Format Version 12.00
# Visual Studio 15
VisualStudioVersion = 15.0.28307.489
MinimumVisualStudioVersion = 10.0.40219.1
Project("{FAE04EC0-301F-11D3-BF4B-00C04F79EFBC}") = "TenzinLote_Gamedev", "TenzinLote_Gamedev\TenzinLote_Gamedev.csproj", "{89A229B7-95D1-4114-BBD8-FE11492916C5}"
EndProject
Global
	GlobalSection(SolutionConfigurationPlatforms) = preSolution
		Debug|x86 = Debug|x86
		Release|x86 = Release|x86
	EndGlobalSection
	GlobalSection(ProjectConfigurationPlatforms) = postSolution
		{89A229B7-95D1-4114-BBD8-FE11492916C5}.Debug|x86.ActiveCfg = Debug|x86
		{89A229B7-95D1-4114-BBD8-FE11492916C5}.Debug|x86.Build.0 = Debug|x86
		{89A229B7-95D1-4114-BBD8-FE11492916C5}.Release|x86.ActiveCfg = Release|x86
		{89A229B7-95D1-4114-BBD8-FE11492916C5}.Release|x86.Build.0 = Release|x86
	EndGlobalSection
	GlobalSection(SolutionProperties) = preSolution
		HideSolutionNode = FALSE
	EndGlobalSection
	GlobalSection(ExtensibilityGlobals) = postSolution
		SolutionGuid = {D1B25B33-85E8-49F6-AE62-D1F60EB85446}
	EndGlobalSection
EndGlobal
